// !$*UTF8*$!
{
	archiveVersion = 1;
	classes = {
	};
	objectVersion = 50;
	objects = {

/* Begin PBXBuildFile section */
		D85A9ABD208DD4550090FF22 /* AppDelegate.m in Sources */ = {isa = PBXBuildFile; fileRef = D85A9ABC208DD4550090FF22 /* AppDelegate.m */; };
		D85A9AC0208DD4550090FF22 /* ViewController.m in Sources */ = {isa = PBXBuildFile; fileRef = D85A9ABF208DD4550090FF22 /* ViewController.m */; };
		D85A9AC3208DD4560090FF22 /* Main.storyboard in Resources */ = {isa = PBXBuildFile; fileRef = D85A9AC1208DD4560090FF22 /* Main.storyboard */; };
		D85A9AC5208DD4570090FF22 /* Assets.xcassets in Resources */ = {isa = PBXBuildFile; fileRef = D85A9AC4208DD4570090FF22 /* Assets.xcassets */; };
		D85A9AC8208DD4570090FF22 /* LaunchScreen.storyboard in Resources */ = {isa = PBXBuildFile; fileRef = D85A9AC6208DD4570090FF22 /* LaunchScreen.storyboard */; };
		D85A9ACB208DD4570090FF22 /* main.m in Sources */ = {isa = PBXBuildFile; fileRef = D85A9ACA208DD4570090FF22 /* main.m */; };
		D85A9AD4208DD5470090FF22 /* index.html in Resources */ = {isa = PBXBuildFile; fileRef = D85A9AD3208DD5470090FF22 /* index.html */; };
		D85A9B1E208EFD870090FF22 /* WKWebViewVC.m in Sources */ = {isa = PBXBuildFile; fileRef = D85A9B19208EFD870090FF22 /* WKWebViewVC.m */; };
		D85A9B1F208EFD870090FF22 /* UIWebViewVC.m in Sources */ = {isa = PBXBuildFile; fileRef = D85A9B1C208EFD870090FF22 /* UIWebViewVC.m */; };
		D85A9B20208EFD870090FF22 /* BaseViewController.m in Sources */ = {isa = PBXBuildFile; fileRef = D85A9B1D208EFD870090FF22 /* BaseViewController.m */; };
		D85A9B24208EFE430090FF22 /* DPView.m in Sources */ = {isa = PBXBuildFile; fileRef = D85A9B23208EFE430090FF22 /* DPView.m */; };
/* End PBXBuildFile section */

/* Begin PBXFileReference section */
		D85A9AB8208DD4550090FF22 /* DPWebview.app */ = {isa = PBXFileReference; explicitFileType = wrapper.application; includeInIndex = 0; path = DPWebview.app; sourceTree = BUILT_PRODUCTS_DIR; };
		D85A9ABB208DD4550090FF22 /* AppDelegate.h */ = {isa = PBXFileReference; lastKnownFileType = sourcecode.c.h; path = AppDelegate.h; sourceTree = "<group>"; };
		D85A9ABC208DD4550090FF22 /* AppDelegate.m */ = {isa = PBXFileReference; lastKnownFileType = sourcecode.c.objc; path = AppDelegate.m; sourceTree = "<group>"; };
		D85A9ABE208DD4550090FF22 /* ViewController.h */ = {isa = PBXFileReference; lastKnownFileType = sourcecode.c.h; path = ViewController.h; sourceTree = "<group>"; };
		D85A9ABF208DD4550090FF22 /* ViewController.m */ = {isa = PBXFileReference; lastKnownFileType = sourcecode.c.objc; path = ViewController.m; sourceTree = "<group>"; };
		D85A9AC2208DD4560090FF22 /* Base */ = {isa = PBXFileReference; lastKnownFileType = file.storyboard; name = Base; path = Base.lproj/Main.storyboard; sourceTree = "<group>"; };
		D85A9AC4208DD4570090FF22 /* Assets.xcassets */ = {isa = PBXFileReference; lastKnownFileType = folder.assetcatalog; path = Assets.xcassets; sourceTree = "<group>"; };
		D85A9AC7208DD4570090FF22 /* Base */ = {isa = PBXFileReference; lastKnownFileType = file.storyboard; name = Base; path = Base.lproj/LaunchScreen.storyboard; sourceTree = "<group>"; };
		D85A9AC9208DD4570090FF22 /* Info.plist */ = {isa = PBXFileReference; lastKnownFileType = text.plist.xml; path = Info.plist; sourceTree = "<group>"; };
		D85A9ACA208DD4570090FF22 /* main.m */ = {isa = PBXFileReference; lastKnownFileType = sourcecode.c.objc; path = main.m; sourceTree = "<group>"; };
		D85A9AD3208DD5470090FF22 /* index.html */ = {isa = PBXFileReference; fileEncoding = 4; lastKnownFileType = text.html; path = index.html; sourceTree = "<group>"; };
		D85A9B18208EFD870090FF22 /* BaseViewController.h */ = {isa = PBXFileReference; fileEncoding = 4; lastKnownFileType = sourcecode.c.h; path = BaseViewController.h; sourceTree = "<group>"; };
		D85A9B19208EFD870090FF22 /* WKWebViewVC.m */ = {isa = PBXFileReference; fileEncoding = 4; lastKnownFileType = sourcecode.c.objc; path = WKWebViewVC.m; sourceTree = "<group>"; };
		D85A9B1A208EFD870090FF22 /* UIWebViewVC.h */ = {isa = PBXFileReference; fileEncoding = 4; lastKnownFileType = sourcecode.c.h; path = UIWebViewVC.h; sourceTree = "<group>"; };
		D85A9B1B208EFD870090FF22 /* WKWebViewVC.h */ = {isa = PBXFileReference; fileEncoding = 4; lastKnownFileType = sourcecode.c.h; path = WKWebViewVC.h; sourceTree = "<group>"; };
		D85A9B1C208EFD870090FF22 /* UIWebViewVC.m */ = {isa = PBXFileReference; fileEncoding = 4; lastKnownFileType = sourcecode.c.objc; path = UIWebViewVC.m; sourceTree = "<group>"; };
		D85A9B1D208EFD870090FF22 /* BaseViewController.m */ = {isa = PBXFileReference; fileEncoding = 4; lastKnownFileType = sourcecode.c.objc; path = BaseViewController.m; sourceTree = "<group>"; };
		D85A9B22208EFE430090FF22 /* DPView.h */ = {isa = PBXFileReference; lastKnownFileType = sourcecode.c.h; path = DPView.h; sourceTree = "<group>"; };
		D85A9B23208EFE430090FF22 /* DPView.m */ = {isa = PBXFileReference; lastKnownFileType = sourcecode.c.objc; path = DPView.m; sourceTree = "<group>"; };
/* End PBXFileReference section */

/* Begin PBXFrameworksBuildPhase section */
		D85A9AB5208DD4550090FF22 /* Frameworks */ = {
			isa = PBXFrameworksBuildPhase;
			buildActionMask = 2147483647;
			files = (
			);
			runOnlyForDeploymentPostprocessing = 0;
		};
/* End PBXFrameworksBuildPhase section */

/* Begin PBXGroup section */
		D85A9AAF208DD4550090FF22 = {
			isa = PBXGroup;
			children = (
				D85A9AD2208DD52D0090FF22 /* Vendor */,
				D85A9AD1208DD5270090FF22 /* Resource */,
				D85A9B21208EFE150090FF22 /* Operation */,
				D85A9B17208EFCDE0090FF22 /* Interface */,
				D85A9ABA208DD4550090FF22 /* DPWebview */,
				D85A9AB9208DD4550090FF22 /* Products */,
			);
			sourceTree = "<group>";
		};
		D85A9AB9208DD4550090FF22 /* Products */ = {
			isa = PBXGroup;
			children = (
				D85A9AB8208DD4550090FF22 /* DPWebview.app */,
			);
			name = Products;
			sourceTree = "<group>";
		};
		D85A9ABA208DD4550090FF22 /* DPWebview */ = {
			isa = PBXGroup;
			children = (
				D85A9ABB208DD4550090FF22 /* AppDelegate.h */,
				D85A9ABC208DD4550090FF22 /* AppDelegate.m */,
				D85A9ABE208DD4550090FF22 /* ViewController.h */,
				D85A9ABF208DD4550090FF22 /* ViewController.m */,
				D85A9AC1208DD4560090FF22 /* Main.storyboard */,
				D85A9AC4208DD4570090FF22 /* Assets.xcassets */,
				D85A9AC6208DD4570090FF22 /* LaunchScreen.storyboard */,
				D85A9AC9208DD4570090FF22 /* Info.plist */,
				D85A9ACA208DD4570090FF22 /* main.m */,
			);
			path = DPWebview;
			sourceTree = "<group>";
		};
		D85A9AD1208DD5270090FF22 /* Resource */ = {
			isa = PBXGroup;
			children = (
				D85A9AD3208DD5470090FF22 /* index.html */,
			);
			path = Resource;
			sourceTree = "<group>";
		};
		D85A9AD2208DD52D0090FF22 /* Vendor */ = {
			isa = PBXGroup;
			children = (
			);
			path = Vendor;
			sourceTree = "<group>";
		};
		D85A9B17208EFCDE0090FF22 /* Interface */ = {
			isa = PBXGroup;
			children = (
				D85A9B18208EFD870090FF22 /* BaseViewController.h */,
				D85A9B1D208EFD870090FF22 /* BaseViewController.m */,
				D85A9B1A208EFD870090FF22 /* UIWebViewVC.h */,
				D85A9B1C208EFD870090FF22 /* UIWebViewVC.m */,
				D85A9B1B208EFD870090FF22 /* WKWebViewVC.h */,
				D85A9B19208EFD870090FF22 /* WKWebViewVC.m */,
			);
			path = Interface;
			sourceTree = "<group>";
		};
		D85A9B21208EFE150090FF22 /* Operation */ = {
			isa = PBXGroup;
			children = (
				D85A9B22208EFE430090FF22 /* DPView.h */,
				D85A9B23208EFE430090FF22 /* DPView.m */,
			);
			path = Operation;
			sourceTree = "<group>";
		};
/* End PBXGroup section */

/* Begin PBXNativeTarget section */
		D85A9AB7208DD4550090FF22 /* DPWebview */ = {
			isa = PBXNativeTarget;
			buildConfigurationList = D85A9ACE208DD4570090FF22 /* Build configuration list for PBXNativeTarget "DPWebview" */;
			buildPhases = (
				D85A9AB4208DD4550090FF22 /* Sources */,
				D85A9AB5208DD4550090FF22 /* Frameworks */,
				D85A9AB6208DD4550090FF22 /* Resources */,
			);
			buildRules = (
			);
			dependencies = (
			);
			name = DPWebview;
			productName = DPWebview;
			productReference = D85A9AB8208DD4550090FF22 /* DPWebview.app */;
			productType = "com.apple.product-type.application";
		};
/* End PBXNativeTarget section */

/* Begin PBXProject section */
		D85A9AB0208DD4550090FF22 /* Project object */ = {
			isa = PBXProject;
			attributes = {
				LastUpgradeCheck = 0930;
				ORGANIZATIONNAME = roc;
				TargetAttributes = {
					D85A9AB7208DD4550090FF22 = {
						CreatedOnToolsVersion = 9.3;
					};
				};
			};
			buildConfigurationList = D85A9AB3208DD4550090FF22 /* Build configuration list for PBXProject "DPWebview" */;
			compatibilityVersion = "Xcode 9.3";
			developmentRegion = en;
			hasScannedForEncodings = 0;
			knownRegions = (
				en,
				Base,
			);
			mainGroup = D85A9AAF208DD4550090FF22;
			productRefGroup = D85A9AB9208DD4550090FF22 /* Products */;
			projectDirPath = "";
			projectRoot = "";
			targets = (
				D85A9AB7208DD4550090FF22 /* DPWebview */,
			);
		};
/* End PBXProject section */

/* Begin PBXResourcesBuildPhase section */
		D85A9AB6208DD4550090FF22 /* Resources */ = {
			isa = PBXResourcesBuildPhase;
			buildActionMask = 2147483647;
			files = (
				D85A9AC8208DD4570090FF22 /* LaunchScreen.storyboard in Resources */,
				D85A9AD4208DD5470090FF22 /* index.html in Resources */,
				D85A9AC5208DD4570090FF22 /* Assets.xcassets in Resources */,
				D85A9AC3208DD4560090FF22 /* Main.storyboard in Resources */,
			);
			runOnlyForDeploymentPostprocessing = 0;
		};
/* End PBXResourcesBuildPhase section */

/* Begin PBXSourcesBuildPhase section */
		D85A9AB4208DD4550090FF22 /* Sources */ = {
			isa = PBXSourcesBuildPhase;
			buildActionMask = 2147483647;
			files = (
				D85A9B1E208EFD870090FF22 /* WKWebViewVC.m in Sources */,
				D85A9B20208EFD870090FF22 /* BaseViewController.m in Sources */,
				D85A9B24208EFE430090FF22 /* DPView.m in Sources */,
				D85A9AC0208DD4550090FF22 /* ViewController.m in Sources */,
				D85A9ACB208DD4570090FF22 /* main.m in Sources */,
				D85A9ABD208DD4550090FF22 /* AppDelegate.m in Sources */,
				D85A9B1F208EFD870090FF22 /* UIWebViewVC.m in Sources */,
			);
			runOnlyForDeploymentPostprocessing = 0;
		};
/* End PBXSourcesBuildPhase section */

/* Begin PBXVariantGroup section */
		D85A9AC1208DD4560090FF22 /* Main.storyboard */ = {
			isa = PBXVariantGroup;
			children = (
				D85A9AC2208DD4560090FF22 /* Base */,
			);
			name = Main.storyboard;
			sourceTree = "<group>";
		};
		D85A9AC6208DD4570090FF22 /* LaunchScreen.storyboard */ = {
			isa = PBXVariantGroup;
			children = (
				D85A9AC7208DD4570090FF22 /* Base */,
			);
			name = LaunchScreen.storyboard;
			sourceTree = "<group>";
		};
/* End PBXVariantGroup section */

/* Begin XCBuildConfiguration section */
		D85A9ACC208DD4570090FF22 /* Debug */ = {
			isa = XCBuildConfiguration;
			buildSettings = {
				ALWAYS_SEARCH_USER_PATHS = NO;
				CLANG_ANALYZER_NONNULL = YES;
				CLANG_ANALYZER_NUMBER_OBJECT_CONVERSION = YES_AGGRESSIVE;
				CLANG_CXX_LANGUAGE_STANDARD = "gnu++14";
				CLANG_CXX_LIBRARY = "libc++";
				CLANG_ENABLE_MODULES = YES;
				CLANG_ENABLE_OBJC_ARC = YES;
				CLANG_ENABLE_OBJC_WEAK = YES;
				CLANG_WARN_BLOCK_CAPTURE_AUTORELEASING = YES;
				CLANG_WARN_BOOL_CONVERSION = YES;
				CLANG_WARN_COMMA = YES;
				CLANG_WARN_CONSTANT_CONVERSION = YES;
				CLANG_WARN_DEPRECATED_OBJC_IMPLEMENTATIONS = YES;
				CLANG_WARN_DIRECT_OBJC_ISA_USAGE = YES_ERROR;
				CLANG_WARN_DOCUMENTATION_COMMENTS = YES;
				CLANG_WARN_EMPTY_BODY = YES;
				CLANG_WARN_ENUM_CONVERSION = YES;
				CLANG_WARN_INFINITE_RECURSION = YES;
				CLANG_WARN_INT_CONVERSION = YES;
				CLANG_WARN_NON_LITERAL_NULL_CONVERSION = YES;
				CLANG_WARN_OBJC_IMPLICIT_RETAIN_SELF = YES;
				CLANG_WARN_OBJC_LITERAL_CONVERSION = YES;
				CLANG_WARN_OBJC_ROOT_CLASS = YES_ERROR;
				CLANG_WARN_RANGE_LOOP_ANALYSIS = YES;
				CLANG_WARN_STRICT_PROTOTYPES = YES;
				CLANG_WARN_SUSPICIOUS_MOVE = YES;
				CLANG_WARN_UNGUARDED_AVAILABILITY = YES_AGGRESSIVE;
				CLANG_WARN_UNREACHABLE_CODE = YES;
				CLANG_WARN__DUPLICATE_METHOD_MATCH = YES;
				CODE_SIGN_IDENTITY = "iPhone Developer";
				COPY_PHASE_STRIP = NO;
				DEBUG_INFORMATION_FORMAT = dwarf;
				ENABLE_STRICT_OBJC_MSGSEND = YES;
				ENABLE_TESTABILITY = YES;
				GCC_C_LANGUAGE_STANDARD = gnu11;
				GCC_DYNAMIC_NO_PIC = NO;
				GCC_NO_COMMON_BLOCKS = YES;
				GCC_OPTIMIZATION_LEVEL = 0;
				GCC_PREPROCESSOR_DEFINITIONS = (
					"DEBUG=1",
					"$(inherited)",
				);
				GCC_WARN_64_TO_32_BIT_CONVERSION = YES;
				GCC_WARN_ABOUT_RETURN_TYPE = YES_ERROR;
				GCC_WARN_UNDECLARED_SELECTOR = YES;
				GCC_WARN_UNINITIALIZED_AUTOS = YES_AGGRESSIVE;
				GCC_WARN_UNUSED_FUNCTION = YES;
				GCC_WARN_UNUSED_VARIABLE = YES;
				IPHONEOS_DEPLOYMENT_TARGET = 11.3;
				MTL_ENABLE_DEBUG_INFO = YES;
				ONLY_ACTIVE_ARCH = YES;
				SDKROOT = iphoneos;
			};
			name = Debug;
		};
		D85A9ACD208DD4570090FF22 /* Release */ = {
			isa = XCBuildConfiguration;
			buildSettings = {
				ALWAYS_SEARCH_USER_PATHS = NO;
				CLANG_ANALYZER_NONNULL = YES;
				CLANG_ANALYZER_NUMBER_OBJECT_CONVERSION = YES_AGGRESSIVE;
				CLANG_CXX_LANGUAGE_STANDARD = "gnu++14";
				CLANG_CXX_LIBRARY = "libc++";
				CLANG_ENABLE_MODULES = YES;
				CLANG_ENABLE_OBJC_ARC = YES;
				CLANG_ENABLE_OBJC_WEAK = YES;
				CLANG_WARN_BLOCK_CAPTURE_AUTORELEASING = YES;
				CLANG_WARN_BOOL_CONVERSION = YES;
				CLANG_WARN_COMMA = YES;
				CLANG_WARN_CONSTANT_CONVERSION = YES;
				CLANG_WARN_DEPRECATED_OBJC_IMPLEMENTATIONS = YES;
				CLANG_WARN_DIRECT_OBJC_ISA_USAGE = YES_ERROR;
				CLANG_WARN_DOCUMENTATION_COMMENTS = YES;
				CLANG_WARN_EMPTY_BODY = YES;
				CLANG_WARN_ENUM_CONVERSION = YES;
				CLANG_WARN_INFINITE_RECURSION = YES;
				CLANG_WARN_INT_CONVERSION = YES;
				CLANG_WARN_NON_LITERAL_NULL_CONVERSION = YES;
				CLANG_WARN_OBJC_IMPLICIT_RETAIN_SELF = YES;
				CLANG_WARN_OBJC_LITERAL_CONVERSION = YES;
				CLANG_WARN_OBJC_ROOT_CLASS = YES_ERROR;
				CLANG_WARN_RANGE_LOOP_ANALYSIS = YES;
				CLANG_WARN_STRICT_PROTOTYPES = YES;
				CLANG_WARN_SUSPICIOUS_MOVE = YES;
				CLANG_WARN_UNGUARDED_AVAILABILITY = YES_AGGRESSIVE;
				CLANG_WARN_UNREACHABLE_CODE = YES;
				CLANG_WARN__DUPLICATE_METHOD_MATCH = YES;
				CODE_SIGN_IDENTITY = "iPhone Developer";
				COPY_PHASE_STRIP = NO;
				DEBUG_INFORMATION_FORMAT = "dwarf-with-dsym";
				ENABLE_NS_ASSERTIONS = NO;
				ENABLE_STRICT_OBJC_MSGSEND = YES;
				GCC_C_LANGUAGE_STANDARD = gnu11;
				GCC_NO_COMMON_BLOCKS = YES;
				GCC_WARN_64_TO_32_BIT_CONVERSION = YES;
				GCC_WARN_ABOUT_RETURN_TYPE = YES_ERROR;
				GCC_WARN_UNDECLARED_SELECTOR = YES;
				GCC_WARN_UNINITIALIZED_AUTOS = YES_AGGRESSIVE;
				GCC_WARN_UNUSED_FUNCTION = YES;
				GCC_WARN_UNUSED_VARIABLE = YES;
				IPHONEOS_DEPLOYMENT_TARGET = 11.3;
				MTL_ENABLE_DEBUG_INFO = NO;
				SDKROOT = iphoneos;
				VALIDATE_PRODUCT = YES;
			};
			name = Release;
		};
		D85A9ACF208DD4570090FF22 /* Debug */ = {
			isa = XCBuildConfiguration;
			buildSettings = {
				ASSETCATALOG_COMPILER_APPICON_NAME = AppIcon;
				CODE_SIGN_STYLE = Automatic;
				INFOPLIST_FILE = DPWebview/Info.plist;
				LD_RUNPATH_SEARCH_PATHS = (
					"$(inherited)",
					"@executable_path/Frameworks",
				);
				PRODUCT_BUNDLE_IDENTIFIER = com.roc.DPWebview;
				PRODUCT_NAME = "$(TARGET_NAME)";
				TARGETED_DEVICE_FAMILY = "1,2";
			};
			name = Debug;
		};
		D85A9AD0208DD4570090FF22 /* Release */ = {
			isa = XCBuildConfiguration;
			buildSettings = {
				ASSETCATALOG_COMPILER_APPICON_NAME = AppIcon;
				CODE_SIGN_STYLE = Automatic;
				INFOPLIST_FILE = DPWebview/Info.plist;
				LD_RUNPATH_SEARCH_PATHS = (
					"$(inherited)",
					"@executable_path/Frameworks",
				);
				PRODUCT_BUNDLE_IDENTIFIER = com.roc.DPWebview;
				PRODUCT_NAME = "$(TARGET_NAME)";
				TARGETED_DEVICE_FAMILY = "1,2";
			};
			name = Release;
		};
/* End XCBuildConfiguration section */

/* Begin XCConfigurationList section */
		D85A9AB3208DD4550090FF22 /* Build configuration list for PBXProject "DPWebview" */ = {
			isa = XCConfigurationList;
			buildConfigurations = (
				D85A9ACC208DD4570090FF22 /* Debug */,
				D85A9ACD208DD4570090FF22 /* Release */,
			);
			defaultConfigurationIsVisible = 0;
			defaultConfigurationName = Release;
		};
		D85A9ACE208DD4570090FF22 /* Build configuration list for PBXNativeTarget "DPWebview" */ = {
			isa = XCConfigurationList;
			buildConfigurations = (
				D85A9ACF208DD4570090FF22 /* Debug */,
				D85A9AD0208DD4570090FF22 /* Release */,
			);
			defaultConfigurationIsVisible = 0;
			defaultConfigurationName = Release;
		};
/* End XCConfigurationList section */
	};
	rootObject = D85A9AB0208DD4550090FF22 /* Project object */;
}
